// !$*UTF8*$!
{
	archiveVersion = 1;
	classes = {
	};
	objectVersion = 50;
	objects = {

/* Begin PBXBuildFile section */
		ADCB998329CDDE59E5D5C4B4 /* Pods_video_streaming_client.framework in Frameworks */ = {isa = PBXBuildFile; fileRef = B316EC08B0B25B2632B41EAB /* Pods_video_streaming_client.framework */; };
		E57AA9C4230469D500F60DE6 /* AppDelegate.swift in Sources */ = {isa = PBXBuildFile; fileRef = E57AA9C3230469D500F60DE6 /* AppDelegate.swift */; };
		E57AA9C6230469D500F60DE6 /* VSCHomePageViewControler.swift in Sources */ = {isa = PBXBuildFile; fileRef = E57AA9C5230469D500F60DE6 /* VSCHomePageViewControler.swift */; };
		E57AA9C9230469D500F60DE6 /* Main.storyboard in Resources */ = {isa = PBXBuildFile; fileRef = E57AA9C7230469D500F60DE6 /* Main.storyboard */; };
		E57AA9CB230469D700F60DE6 /* Assets.xcassets in Resources */ = {isa = PBXBuildFile; fileRef = E57AA9CA230469D700F60DE6 /* Assets.xcassets */; };
		E57AA9CE230469D700F60DE6 /* LaunchScreen.storyboard in Resources */ = {isa = PBXBuildFile; fileRef = E57AA9CC230469D700F60DE6 /* LaunchScreen.storyboard */; };
		E5F279F9230567570029245C /* VCSCollectionViewCell.swift in Sources */ = {isa = PBXBuildFile; fileRef = E5F279F8230567570029245C /* VCSCollectionViewCell.swift */; };
		E5F279FD23056DB50029245C /* Serie.swift in Sources */ = {isa = PBXBuildFile; fileRef = E5F279FC23056DB50029245C /* Serie.swift */; };
		E5F27A0023056E140029245C /* SerieService.swift in Sources */ = {isa = PBXBuildFile; fileRef = E5F279FF23056E140029245C /* SerieService.swift */; };
		E5F27A032305873C0029245C /* Podfile in Resources */ = {isa = PBXBuildFile; fileRef = E5F27A022305873C0029245C /* Podfile */; };
		E5F27A06230589930029245C /* SerieClient.swift in Sources */ = {isa = PBXBuildFile; fileRef = E5F27A05230589930029245C /* SerieClient.swift */; };
		E5F68D66230755F1007A4113 /* VCSSerieDetailViewController.swift in Sources */ = {isa = PBXBuildFile; fileRef = E5F68D65230755F1007A4113 /* VCSSerieDetailViewController.swift */; };
		E5F68D6823075A81007A4113 /* Episode.swift in Sources */ = {isa = PBXBuildFile; fileRef = E5F68D6723075A81007A4113 /* Episode.swift */; };
		E5F68D6A23075AC7007A4113 /* Season.swift in Sources */ = {isa = PBXBuildFile; fileRef = E5F68D6923075AC7007A4113 /* Season.swift */; };
		E5F68D6C23075D05007A4113 /* VCSSerieDetailTableViewCell.swift in Sources */ = {isa = PBXBuildFile; fileRef = E5F68D6B23075D05007A4113 /* VCSSerieDetailTableViewCell.swift */; };
		E5F68D6F230802AB007A4113 /* UITableViewCellExtensions.swift in Sources */ = {isa = PBXBuildFile; fileRef = E5F68D6E230802AB007A4113 /* UITableViewCellExtensions.swift */; };
/* End PBXBuildFile section */

/* Begin PBXFileReference section */
		34218964E7C51DEC23824453 /* Pods-video-streaming-client.release.xcconfig */ = {isa = PBXFileReference; includeInIndex = 1; lastKnownFileType = text.xcconfig; name = "Pods-video-streaming-client.release.xcconfig"; path = "Pods/Target Support Files/Pods-video-streaming-client/Pods-video-streaming-client.release.xcconfig"; sourceTree = "<group>"; };
		B316EC08B0B25B2632B41EAB /* Pods_video_streaming_client.framework */ = {isa = PBXFileReference; explicitFileType = wrapper.framework; includeInIndex = 0; path = Pods_video_streaming_client.framework; sourceTree = BUILT_PRODUCTS_DIR; };
		CB40C46BC8F51E4699BD9736 /* Pods-video-streaming-client.debug.xcconfig */ = {isa = PBXFileReference; includeInIndex = 1; lastKnownFileType = text.xcconfig; name = "Pods-video-streaming-client.debug.xcconfig"; path = "Pods/Target Support Files/Pods-video-streaming-client/Pods-video-streaming-client.debug.xcconfig"; sourceTree = "<group>"; };
		E57AA9C0230469D500F60DE6 /* video-streaming-client.app */ = {isa = PBXFileReference; explicitFileType = wrapper.application; includeInIndex = 0; path = "video-streaming-client.app"; sourceTree = BUILT_PRODUCTS_DIR; };
		E57AA9C3230469D500F60DE6 /* AppDelegate.swift */ = {isa = PBXFileReference; lastKnownFileType = sourcecode.swift; path = AppDelegate.swift; sourceTree = "<group>"; };
		E57AA9C5230469D500F60DE6 /* VSCHomePageViewControler.swift */ = {isa = PBXFileReference; lastKnownFileType = sourcecode.swift; path = VSCHomePageViewControler.swift; sourceTree = "<group>"; };
		E57AA9C8230469D500F60DE6 /* Base */ = {isa = PBXFileReference; lastKnownFileType = file.storyboard; name = Base; path = Base.lproj/Main.storyboard; sourceTree = "<group>"; };
		E57AA9CA230469D700F60DE6 /* Assets.xcassets */ = {isa = PBXFileReference; lastKnownFileType = folder.assetcatalog; path = Assets.xcassets; sourceTree = "<group>"; };
		E57AA9CD230469D700F60DE6 /* Base */ = {isa = PBXFileReference; lastKnownFileType = file.storyboard; name = Base; path = Base.lproj/LaunchScreen.storyboard; sourceTree = "<group>"; };
		E57AA9CF230469D700F60DE6 /* Info.plist */ = {isa = PBXFileReference; lastKnownFileType = text.plist.xml; path = Info.plist; sourceTree = "<group>"; };
		E5F279F8230567570029245C /* VCSCollectionViewCell.swift */ = {isa = PBXFileReference; lastKnownFileType = sourcecode.swift; path = VCSCollectionViewCell.swift; sourceTree = "<group>"; };
		E5F279FC23056DB50029245C /* Serie.swift */ = {isa = PBXFileReference; lastKnownFileType = sourcecode.swift; path = Serie.swift; sourceTree = "<group>"; };
		E5F279FF23056E140029245C /* SerieService.swift */ = {isa = PBXFileReference; lastKnownFileType = sourcecode.swift; path = SerieService.swift; sourceTree = "<group>"; };
		E5F27A022305873C0029245C /* Podfile */ = {isa = PBXFileReference; lastKnownFileType = text; path = Podfile; sourceTree = "<group>"; xcLanguageSpecificationIdentifier = xcode.lang.ruby; };
		E5F27A05230589930029245C /* SerieClient.swift */ = {isa = PBXFileReference; lastKnownFileType = sourcecode.swift; path = SerieClient.swift; sourceTree = "<group>"; };
		E5F68D65230755F1007A4113 /* VCSSerieDetailViewController.swift */ = {isa = PBXFileReference; lastKnownFileType = sourcecode.swift; path = VCSSerieDetailViewController.swift; sourceTree = "<group>"; };
		E5F68D6723075A81007A4113 /* Episode.swift */ = {isa = PBXFileReference; lastKnownFileType = sourcecode.swift; path = Episode.swift; sourceTree = "<group>"; };
		E5F68D6923075AC7007A4113 /* Season.swift */ = {isa = PBXFileReference; lastKnownFileType = sourcecode.swift; path = Season.swift; sourceTree = "<group>"; };
		E5F68D6B23075D05007A4113 /* VCSSerieDetailTableViewCell.swift */ = {isa = PBXFileReference; lastKnownFileType = sourcecode.swift; path = VCSSerieDetailTableViewCell.swift; sourceTree = "<group>"; };
		E5F68D6E230802AB007A4113 /* UITableViewCellExtensions.swift */ = {isa = PBXFileReference; lastKnownFileType = sourcecode.swift; path = UITableViewCellExtensions.swift; sourceTree = "<group>"; };
/* End PBXFileReference section */

/* Begin PBXFrameworksBuildPhase section */
		E57AA9BD230469D500F60DE6 /* Frameworks */ = {
			isa = PBXFrameworksBuildPhase;
			buildActionMask = 2147483647;
			files = (
				ADCB998329CDDE59E5D5C4B4 /* Pods_video_streaming_client.framework in Frameworks */,
			);
			runOnlyForDeploymentPostprocessing = 0;
		};
/* End PBXFrameworksBuildPhase section */

/* Begin PBXGroup section */
		C8CA2C45013F2FBD31C631A2 /* Pods */ = {
			isa = PBXGroup;
			children = (
				CB40C46BC8F51E4699BD9736 /* Pods-video-streaming-client.debug.xcconfig */,
				34218964E7C51DEC23824453 /* Pods-video-streaming-client.release.xcconfig */,
			);
			name = Pods;
			sourceTree = "<group>";
		};
		CE072ED416272EB7028EBF4A /* Frameworks */ = {
			isa = PBXGroup;
			children = (
				B316EC08B0B25B2632B41EAB /* Pods_video_streaming_client.framework */,
			);
			name = Frameworks;
			sourceTree = "<group>";
		};
		E57AA9B7230469D500F60DE6 = {
			isa = PBXGroup;
			children = (
				E5F27A022305873C0029245C /* Podfile */,
				E57AA9C2230469D500F60DE6 /* video-streaming-client */,
				E57AA9C1230469D500F60DE6 /* Products */,
				C8CA2C45013F2FBD31C631A2 /* Pods */,
				CE072ED416272EB7028EBF4A /* Frameworks */,
			);
			sourceTree = "<group>";
		};
		E57AA9C1230469D500F60DE6 /* Products */ = {
			isa = PBXGroup;
			children = (
				E57AA9C0230469D500F60DE6 /* video-streaming-client.app */,
			);
			name = Products;
			sourceTree = "<group>";
		};
		E57AA9C2230469D500F60DE6 /* video-streaming-client */ = {
			isa = PBXGroup;
			children = (
				E5F27A04230589790029245C /* api */,
				E5F27A0123056E1E0029245C /* services */,
				E5F279FE23056DE00029245C /* model */,
				E5F279FA23056D6B0029245C /* ui */,
				E57AA9C3230469D500F60DE6 /* AppDelegate.swift */,
				E57AA9C7230469D500F60DE6 /* Main.storyboard */,
				E57AA9CA230469D700F60DE6 /* Assets.xcassets */,
				E57AA9CC230469D700F60DE6 /* LaunchScreen.storyboard */,
				E57AA9CF230469D700F60DE6 /* Info.plist */,
			);
			path = "video-streaming-client";
			sourceTree = "<group>";
		};
		E5F279FA23056D6B0029245C /* ui */ = {
			isa = PBXGroup;
			children = (
				E5F68D6D23080294007A4113 /* utils */,
				E5F279FB23056D880029245C /* series */,
			);
			path = ui;
			sourceTree = "<group>";
		};
		E5F279FB23056D880029245C /* series */ = {
			isa = PBXGroup;
			children = (
				E57AA9C5230469D500F60DE6 /* VSCHomePageViewControler.swift */,
				E5F279F8230567570029245C /* VCSCollectionViewCell.swift */,
				E5F68D65230755F1007A4113 /* VCSSerieDetailViewController.swift */,
				E5F68D6B23075D05007A4113 /* VCSSerieDetailTableViewCell.swift */,
			);
			path = series;
			sourceTree = "<group>";
		};
		E5F279FE23056DE00029245C /* model */ = {
			isa = PBXGroup;
			children = (
				E5F279FC23056DB50029245C /* Serie.swift */,
				E5F68D6723075A81007A4113 /* Episode.swift */,
				E5F68D6923075AC7007A4113 /* Season.swift */,
			);
			path = model;
			sourceTree = "<group>";
		};
		E5F27A0123056E1E0029245C /* services */ = {
			isa = PBXGroup;
			children = (
				E5F279FF23056E140029245C /* SerieService.swift */,
			);
			path = services;
			sourceTree = "<group>";
		};
		E5F27A04230589790029245C /* api */ = {
			isa = PBXGroup;
			children = (
				E5F27A05230589930029245C /* SerieClient.swift */,
			);
			path = api;
			sourceTree = "<group>";
		};
		E5F68D6D23080294007A4113 /* utils */ = {
			isa = PBXGroup;
			children = (
				E5F68D6E230802AB007A4113 /* UITableViewCellExtensions.swift */,
			);
			path = utils;
			sourceTree = "<group>";
		};
/* End PBXGroup section */

/* Begin PBXNativeTarget section */
		E57AA9BF230469D500F60DE6 /* video-streaming-client */ = {
			isa = PBXNativeTarget;
			buildConfigurationList = E57AA9D2230469D700F60DE6 /* Build configuration list for PBXNativeTarget "video-streaming-client" */;
			buildPhases = (
				D5495F67CF30882BB09D67B7 /* [CP] Check Pods Manifest.lock */,
				E57AA9BC230469D500F60DE6 /* Sources */,
				E57AA9BD230469D500F60DE6 /* Frameworks */,
				E57AA9BE230469D500F60DE6 /* Resources */,
				C2FBF3AD29A5467DF7F95B72 /* [CP] Embed Pods Frameworks */,
			);
			buildRules = (
			);
			dependencies = (
			);
			name = "video-streaming-client";
			productName = "video-streaming-client";
			productReference = E57AA9C0230469D500F60DE6 /* video-streaming-client.app */;
			productType = "com.apple.product-type.application";
		};
/* End PBXNativeTarget section */

/* Begin PBXProject section */
		E57AA9B8230469D500F60DE6 /* Project object */ = {
			isa = PBXProject;
			attributes = {
				LastSwiftUpdateCheck = 1010;
				LastUpgradeCheck = 1010;
				ORGANIZATIONNAME = "David Márquez Delgado";
				TargetAttributes = {
					E57AA9BF230469D500F60DE6 = {
						CreatedOnToolsVersion = 10.1;
					};
				};
			};
			buildConfigurationList = E57AA9BB230469D500F60DE6 /* Build configuration list for PBXProject "video-streaming-client" */;
			compatibilityVersion = "Xcode 9.3";
			developmentRegion = en;
			hasScannedForEncodings = 0;
			knownRegions = (
				en,
				Base,
			);
			mainGroup = E57AA9B7230469D500F60DE6;
			productRefGroup = E57AA9C1230469D500F60DE6 /* Products */;
			projectDirPath = "";
			projectRoot = "";
			targets = (
				E57AA9BF230469D500F60DE6 /* video-streaming-client */,
			);
		};
/* End PBXProject section */

/* Begin PBXResourcesBuildPhase section */
		E57AA9BE230469D500F60DE6 /* Resources */ = {
			isa = PBXResourcesBuildPhase;
			buildActionMask = 2147483647;
			files = (
				E57AA9CE230469D700F60DE6 /* LaunchScreen.storyboard in Resources */,
				E57AA9CB230469D700F60DE6 /* Assets.xcassets in Resources */,
				E5F27A032305873C0029245C /* Podfile in Resources */,
				E57AA9C9230469D500F60DE6 /* Main.storyboard in Resources */,
			);
			runOnlyForDeploymentPostprocessing = 0;
		};
/* End PBXResourcesBuildPhase section */

/* Begin PBXShellScriptBuildPhase section */
		C2FBF3AD29A5467DF7F95B72 /* [CP] Embed Pods Frameworks */ = {
			isa = PBXShellScriptBuildPhase;
			buildActionMask = 2147483647;
			files = (
			);
			inputFileListPaths = (
			);
			inputPaths = (
				"${SRCROOT}/Pods/Target Support Files/Pods-video-streaming-client/Pods-video-streaming-client-frameworks.sh",
				"${BUILT_PRODUCTS_DIR}/Alamofire/Alamofire.framework",
				"${BUILT_PRODUCTS_DIR}/PromiseKit/PromiseKit.framework",
			);
			name = "[CP] Embed Pods Frameworks";
			outputFileListPaths = (
			);
			outputPaths = (
				"${TARGET_BUILD_DIR}/${FRAMEWORKS_FOLDER_PATH}/Alamofire.framework",
				"${TARGET_BUILD_DIR}/${FRAMEWORKS_FOLDER_PATH}/PromiseKit.framework",
			);
			runOnlyForDeploymentPostprocessing = 0;
			shellPath = /bin/sh;
			shellScript = "\"${SRCROOT}/Pods/Target Support Files/Pods-video-streaming-client/Pods-video-streaming-client-frameworks.sh\"\n";
			showEnvVarsInLog = 0;
		};
		D5495F67CF30882BB09D67B7 /* [CP] Check Pods Manifest.lock */ = {
			isa = PBXShellScriptBuildPhase;
			buildActionMask = 2147483647;
			files = (
			);
			inputFileListPaths = (
			);
			inputPaths = (
				"${PODS_PODFILE_DIR_PATH}/Podfile.lock",
				"${PODS_ROOT}/Manifest.lock",
			);
			name = "[CP] Check Pods Manifest.lock";
			outputFileListPaths = (
			);
			outputPaths = (
				"$(DERIVED_FILE_DIR)/Pods-video-streaming-client-checkManifestLockResult.txt",
			);
			runOnlyForDeploymentPostprocessing = 0;
			shellPath = /bin/sh;
			shellScript = "diff \"${PODS_PODFILE_DIR_PATH}/Podfile.lock\" \"${PODS_ROOT}/Manifest.lock\" > /dev/null\nif [ $? != 0 ] ; then\n    # print error to STDERR\n    echo \"error: The sandbox is not in sync with the Podfile.lock. Run 'pod install' or update your CocoaPods installation.\" >&2\n    exit 1\nfi\n# This output is used by Xcode 'outputs' to avoid re-running this script phase.\necho \"SUCCESS\" > \"${SCRIPT_OUTPUT_FILE_0}\"\n";
			showEnvVarsInLog = 0;
		};
/* End PBXShellScriptBuildPhase section */

/* Begin PBXSourcesBuildPhase section */
		E57AA9BC230469D500F60DE6 /* Sources */ = {
			isa = PBXSourcesBuildPhase;
			buildActionMask = 2147483647;
			files = (
				E5F68D6C23075D05007A4113 /* VCSSerieDetailTableViewCell.swift in Sources */,
				E57AA9C6230469D500F60DE6 /* VSCHomePageViewControler.swift in Sources */,
				E5F68D6F230802AB007A4113 /* UITableViewCellExtensions.swift in Sources */,
				E5F68D6A23075AC7007A4113 /* Season.swift in Sources */,
				E5F68D6823075A81007A4113 /* Episode.swift in Sources */,
				E5F27A06230589930029245C /* SerieClient.swift in Sources */,
				E57AA9C4230469D500F60DE6 /* AppDelegate.swift in Sources */,
				E5F279FD23056DB50029245C /* Serie.swift in Sources */,
				E5F68D66230755F1007A4113 /* VCSSerieDetailViewController.swift in Sources */,
				E5F27A0023056E140029245C /* SerieService.swift in Sources */,
				E5F279F9230567570029245C /* VCSCollectionViewCell.swift in Sources */,
			);
			runOnlyForDeploymentPostprocessing = 0;
		};
/* End PBXSourcesBuildPhase section */

/* Begin PBXVariantGroup section */
		E57AA9C7230469D500F60DE6 /* Main.storyboard */ = {
			isa = PBXVariantGroup;
			children = (
				E57AA9C8230469D500F60DE6 /* Base */,
			);
			name = Main.storyboard;
			sourceTree = "<group>";
		};
		E57AA9CC230469D700F60DE6 /* LaunchScreen.storyboard */ = {
			isa = PBXVariantGroup;
			children = (
				E57AA9CD230469D700F60DE6 /* Base */,
			);
			name = LaunchScreen.storyboard;
			sourceTree = "<group>";
		};
/* End PBXVariantGroup section */

/* Begin XCBuildConfiguration section */
		E57AA9D0230469D700F60DE6 /* Debug */ = {
			isa = XCBuildConfiguration;
			buildSettings = {
				ALWAYS_SEARCH_USER_PATHS = NO;
				CLANG_ANALYZER_NONNULL = YES;
				CLANG_ANALYZER_NUMBER_OBJECT_CONVERSION = YES_AGGRESSIVE;
				CLANG_CXX_LANGUAGE_STANDARD = "gnu++14";
				CLANG_CXX_LIBRARY = "libc++";
				CLANG_ENABLE_MODULES = YES;
				CLANG_ENABLE_OBJC_ARC = YES;
				CLANG_ENABLE_OBJC_WEAK = YES;
				CLANG_WARN_BLOCK_CAPTURE_AUTORELEASING = YES;
				CLANG_WARN_BOOL_CONVERSION = YES;
				CLANG_WARN_COMMA = YES;
				CLANG_WARN_CONSTANT_CONVERSION = YES;
				CLANG_WARN_DEPRECATED_OBJC_IMPLEMENTATIONS = YES;
				CLANG_WARN_DIRECT_OBJC_ISA_USAGE = YES_ERROR;
				CLANG_WARN_DOCUMENTATION_COMMENTS = YES;
				CLANG_WARN_EMPTY_BODY = YES;
				CLANG_WARN_ENUM_CONVERSION = YES;
				CLANG_WARN_INFINITE_RECURSION = YES;
				CLANG_WARN_INT_CONVERSION = YES;
				CLANG_WARN_NON_LITERAL_NULL_CONVERSION = YES;
				CLANG_WARN_OBJC_IMPLICIT_RETAIN_SELF = YES;
				CLANG_WARN_OBJC_LITERAL_CONVERSION = YES;
				CLANG_WARN_OBJC_ROOT_CLASS = YES_ERROR;
				CLANG_WARN_RANGE_LOOP_ANALYSIS = YES;
				CLANG_WARN_STRICT_PROTOTYPES = YES;
				CLANG_WARN_SUSPICIOUS_MOVE = YES;
				CLANG_WARN_UNGUARDED_AVAILABILITY = YES_AGGRESSIVE;
				CLANG_WARN_UNREACHABLE_CODE = YES;
				CLANG_WARN__DUPLICATE_METHOD_MATCH = YES;
				CODE_SIGN_IDENTITY = "iPhone Developer";
				COPY_PHASE_STRIP = NO;
				DEBUG_INFORMATION_FORMAT = dwarf;
				ENABLE_STRICT_OBJC_MSGSEND = YES;
				ENABLE_TESTABILITY = YES;
				GCC_C_LANGUAGE_STANDARD = gnu11;
				GCC_DYNAMIC_NO_PIC = NO;
				GCC_NO_COMMON_BLOCKS = YES;
				GCC_OPTIMIZATION_LEVEL = 0;
				GCC_PREPROCESSOR_DEFINITIONS = (
					"DEBUG=1",
					"$(inherited)",
				);
				GCC_WARN_64_TO_32_BIT_CONVERSION = YES;
				GCC_WARN_ABOUT_RETURN_TYPE = YES_ERROR;
				GCC_WARN_UNDECLARED_SELECTOR = YES;
				GCC_WARN_UNINITIALIZED_AUTOS = YES_AGGRESSIVE;
				GCC_WARN_UNUSED_FUNCTION = YES;
				GCC_WARN_UNUSED_VARIABLE = YES;
				IPHONEOS_DEPLOYMENT_TARGET = 12.1;
				MTL_ENABLE_DEBUG_INFO = INCLUDE_SOURCE;
				MTL_FAST_MATH = YES;
				ONLY_ACTIVE_ARCH = YES;
				SDKROOT = iphoneos;
				SWIFT_ACTIVE_COMPILATION_CONDITIONS = DEBUG;
				SWIFT_OPTIMIZATION_LEVEL = "-Onone";
			};
			name = Debug;
		};
		E57AA9D1230469D700F60DE6 /* Release */ = {
			isa = XCBuildConfiguration;
			buildSettings = {
				ALWAYS_SEARCH_USER_PATHS = NO;
				CLANG_ANALYZER_NONNULL = YES;
				CLANG_ANALYZER_NUMBER_OBJECT_CONVERSION = YES_AGGRESSIVE;
				CLANG_CXX_LANGUAGE_STANDARD = "gnu++14";
				CLANG_CXX_LIBRARY = "libc++";
				CLANG_ENABLE_MODULES = YES;
				CLANG_ENABLE_OBJC_ARC = YES;
				CLANG_ENABLE_OBJC_WEAK = YES;
				CLANG_WARN_BLOCK_CAPTURE_AUTORELEASING = YES;
				CLANG_WARN_BOOL_CONVERSION = YES;
				CLANG_WARN_COMMA = YES;
				CLANG_WARN_CONSTANT_CONVERSION = YES;
				CLANG_WARN_DEPRECATED_OBJC_IMPLEMENTATIONS = YES;
				CLANG_WARN_DIRECT_OBJC_ISA_USAGE = YES_ERROR;
				CLANG_WARN_DOCUMENTATION_COMMENTS = YES;
				CLANG_WARN_EMPTY_BODY = YES;
				CLANG_WARN_ENUM_CONVERSION = YES;
				CLANG_WARN_INFINITE_RECURSION = YES;
				CLANG_WARN_INT_CONVERSION = YES;
				CLANG_WARN_NON_LITERAL_NULL_CONVERSION = YES;
				CLANG_WARN_OBJC_IMPLICIT_RETAIN_SELF = YES;
				CLANG_WARN_OBJC_LITERAL_CONVERSION = YES;
				CLANG_WARN_OBJC_ROOT_CLASS = YES_ERROR;
				CLANG_WARN_RANGE_LOOP_ANALYSIS = YES;
				CLANG_WARN_STRICT_PROTOTYPES = YES;
				CLANG_WARN_SUSPICIOUS_MOVE = YES;
				CLANG_WARN_UNGUARDED_AVAILABILITY = YES_AGGRESSIVE;
				CLANG_WARN_UNREACHABLE_CODE = YES;
				CLANG_WARN__DUPLICATE_METHOD_MATCH = YES;
				CODE_SIGN_IDENTITY = "iPhone Developer";
				COPY_PHASE_STRIP = NO;
				DEBUG_INFORMATION_FORMAT = "dwarf-with-dsym";
				ENABLE_NS_ASSERTIONS = NO;
				ENABLE_STRICT_OBJC_MSGSEND = YES;
				GCC_C_LANGUAGE_STANDARD = gnu11;
				GCC_NO_COMMON_BLOCKS = YES;
				GCC_WARN_64_TO_32_BIT_CONVERSION = YES;
				GCC_WARN_ABOUT_RETURN_TYPE = YES_ERROR;
				GCC_WARN_UNDECLARED_SELECTOR = YES;
				GCC_WARN_UNINITIALIZED_AUTOS = YES_AGGRESSIVE;
				GCC_WARN_UNUSED_FUNCTION = YES;
				GCC_WARN_UNUSED_VARIABLE = YES;
				IPHONEOS_DEPLOYMENT_TARGET = 12.1;
				MTL_ENABLE_DEBUG_INFO = NO;
				MTL_FAST_MATH = YES;
				SDKROOT = iphoneos;
				SWIFT_COMPILATION_MODE = wholemodule;
				SWIFT_OPTIMIZATION_LEVEL = "-O";
				VALIDATE_PRODUCT = YES;
			};
			name = Release;
		};
		E57AA9D3230469D700F60DE6 /* Debug */ = {
			isa = XCBuildConfiguration;
			baseConfigurationReference = CB40C46BC8F51E4699BD9736 /* Pods-video-streaming-client.debug.xcconfig */;
			buildSettings = {
				ASSETCATALOG_COMPILER_APPICON_NAME = AppIcon;
				CODE_SIGN_STYLE = Automatic;
				DEVELOPMENT_TEAM = 59SH2VU4Z2;
				INFOPLIST_FILE = "video-streaming-client/Info.plist";
				IPHONEOS_DEPLOYMENT_TARGET = 12.3;
				LD_RUNPATH_SEARCH_PATHS = (
					"$(inherited)",
					"@executable_path/Frameworks",
				);
				PRODUCT_BUNDLE_IDENTIFIER = "com.maarkeez.video-streaming-client";
				PRODUCT_NAME = "$(TARGET_NAME)";
				SWIFT_VERSION = 4.2;
				TARGETED_DEVICE_FAMILY = "1,2";
			};
			name = Debug;
		};
		E57AA9D4230469D700F60DE6 /* Release */ = {
			isa = XCBuildConfiguration;
			baseConfigurationReference = 34218964E7C51DEC23824453 /* Pods-video-streaming-client.release.xcconfig */;
			buildSettings = {
				ASSETCATALOG_COMPILER_APPICON_NAME = AppIcon;
				CODE_SIGN_STYLE = Automatic;
				DEVELOPMENT_TEAM = 59SH2VU4Z2;
				INFOPLIST_FILE = "video-streaming-client/Info.plist";
				IPHONEOS_DEPLOYMENT_TARGET = 12.3;
				LD_RUNPATH_SEARCH_PATHS = (
					"$(inherited)",
					"@executable_path/Frameworks",
				);
				PRODUCT_BUNDLE_IDENTIFIER = "com.maarkeez.video-streaming-client";
				PRODUCT_NAME = "$(TARGET_NAME)";
				SWIFT_VERSION = 4.2;
				TARGETED_DEVICE_FAMILY = "1,2";
			};
			name = Release;
		};
/* End XCBuildConfiguration section */

/* Begin XCConfigurationList section */
		E57AA9BB230469D500F60DE6 /* Build configuration list for PBXProject "video-streaming-client" */ = {
			isa = XCConfigurationList;
			buildConfigurations = (
				E57AA9D0230469D700F60DE6 /* Debug */,
				E57AA9D1230469D700F60DE6 /* Release */,
			);
			defaultConfigurationIsVisible = 0;
			defaultConfigurationName = Release;
		};
		E57AA9D2230469D700F60DE6 /* Build configuration list for PBXNativeTarget "video-streaming-client" */ = {
			isa = XCConfigurationList;
			buildConfigurations = (
				E57AA9D3230469D700F60DE6 /* Debug */,
				E57AA9D4230469D700F60DE6 /* Release */,
			);
			defaultConfigurationIsVisible = 0;
			defaultConfigurationName = Release;
		};
/* End XCConfigurationList section */
	};
	rootObject = E57AA9B8230469D500F60DE6 /* Project object */;
}
